
Microsoft Visual Studio Solution File, Format Version 12.00
# Visual Studio Version 17
VisualStudioVersion = 17.7.34003.232
MinimumVisualStudioVersion = 10.0.40219.1
Project("{9A19103F-16F7-4668-BE54-9A1E7A4F7556}") = "HRM", "HRM.csproj", "{33FC934E-135A-42BD-AADD-BA6B1DDC46AA}"
EndProject
Global
	GlobalSection(SolutionConfigurationPlatforms) = preSolution
		Debug|Any CPU = Debug|Any CPU
		Release|Any CPU = Release|Any CPU
	EndGlobalSection
	GlobalSection(ProjectConfigurationPlatforms) = postSolution
		{33FC934E-135A-42BD-AADD-BA6B1DDC46AA}.Debug|Any CPU.ActiveCfg = Debug|Any CPU
		{33FC934E-135A-42BD-AADD-BA6B1DDC46AA}.Debug|Any CPU.Build.0 = Debug|Any CPU
		{33FC934E-135A-42BD-AADD-BA6B1DDC46AA}.Release|Any CPU.ActiveCfg = Release|Any CPU
		{33FC934E-135A-42BD-AADD-BA6B1DDC46AA}.Release|Any CPU.Build.0 = Release|Any CPU
	EndGlobalSection
	GlobalSection(SolutionProperties) = preSolution
		HideSolutionNode = FALSE
	EndGlobalSection
	GlobalSection(ExtensibilityGlobals) = postSolution
		SolutionGuid = {327AB45C-E894-48C4-BC59-EC22845AF486}
	EndGlobalSection
EndGlobal
